// !$*UTF8*$!
{
	archiveVersion = 1;
	classes = {
	};
	objectVersion = 48;
	objects = {

/* Begin PBXBuildFile section */
		8A0552281FD1269E00621975 /* PhotoPreviewViewController.m in Sources */ = {isa = PBXBuildFile; fileRef = 8A0552271FD1269E00621975 /* PhotoPreviewViewController.m */; };
		8A05522B1FD12DC000621975 /* PhotoCollectionViewCell.m in Sources */ = {isa = PBXBuildFile; fileRef = 8A05522A1FD12DC000621975 /* PhotoCollectionViewCell.m */; };
		8A05522E1FD37A6200621975 /* PhotoViewController.m in Sources */ = {isa = PBXBuildFile; fileRef = 8A05522D1FD37A6100621975 /* PhotoViewController.m */; };
		8A0552311FD3F86F00621975 /* UIImage+Cropping.m in Sources */ = {isa = PBXBuildFile; fileRef = 8A0552301FD3F86F00621975 /* UIImage+Cropping.m */; };
		8A3E8FD51FD49EBE0090E271 /* SearchViewController.m in Sources */ = {isa = PBXBuildFile; fileRef = 8A3E8FD41FD49EBE0090E271 /* SearchViewController.m */; };
		8A4CBD101FCE406600625050 /* FlickrAPI.m in Sources */ = {isa = PBXBuildFile; fileRef = 8A4CBD0F1FCE406600625050 /* FlickrAPI.m */; };
		8A4CBD181FCE6B2B00625050 /* TagTableViewCell.m in Sources */ = {isa = PBXBuildFile; fileRef = 8A4CBD161FCE6B2B00625050 /* TagTableViewCell.m */; };
		8A4CBD261FD0AA9A00625050 /* Tag.m in Sources */ = {isa = PBXBuildFile; fileRef = 8A4CBD251FD0AA9A00625050 /* Tag.m */; };
		8A4CBD291FD0D06800625050 /* Photo.m in Sources */ = {isa = PBXBuildFile; fileRef = 8A4CBD281FD0D06800625050 /* Photo.m */; };
		8A60A0DA1FCE2DED0043219D /* AppDelegate.m in Sources */ = {isa = PBXBuildFile; fileRef = 8A60A0D91FCE2DED0043219D /* AppDelegate.m */; };
		8A60A0DD1FCE2DED0043219D /* TopTagsViewController.m in Sources */ = {isa = PBXBuildFile; fileRef = 8A60A0DC1FCE2DED0043219D /* TopTagsViewController.m */; };
		8A60A0E01FCE2DED0043219D /* Main.storyboard in Resources */ = {isa = PBXBuildFile; fileRef = 8A60A0DE1FCE2DED0043219D /* Main.storyboard */; };
		8A60A0E21FCE2DED0043219D /* Assets.xcassets in Resources */ = {isa = PBXBuildFile; fileRef = 8A60A0E11FCE2DED0043219D /* Assets.xcassets */; };
		8A60A0E51FCE2DED0043219D /* LaunchScreen.storyboard in Resources */ = {isa = PBXBuildFile; fileRef = 8A60A0E31FCE2DED0043219D /* LaunchScreen.storyboard */; };
		8A60A0E81FCE2DED0043219D /* main.m in Sources */ = {isa = PBXBuildFile; fileRef = 8A60A0E71FCE2DED0043219D /* main.m */; };
/* End PBXBuildFile section */

/* Begin PBXFileReference section */
		8A0552261FD1269E00621975 /* PhotoPreviewViewController.h */ = {isa = PBXFileReference; lastKnownFileType = sourcecode.c.h; path = PhotoPreviewViewController.h; sourceTree = "<group>"; };
		8A0552271FD1269E00621975 /* PhotoPreviewViewController.m */ = {isa = PBXFileReference; lastKnownFileType = sourcecode.c.objc; path = PhotoPreviewViewController.m; sourceTree = "<group>"; };
		8A0552291FD12DC000621975 /* PhotoCollectionViewCell.h */ = {isa = PBXFileReference; lastKnownFileType = sourcecode.c.h; path = PhotoCollectionViewCell.h; sourceTree = "<group>"; };
		8A05522A1FD12DC000621975 /* PhotoCollectionViewCell.m */ = {isa = PBXFileReference; lastKnownFileType = sourcecode.c.objc; path = PhotoCollectionViewCell.m; sourceTree = "<group>"; };
		8A05522C1FD37A6100621975 /* PhotoViewController.h */ = {isa = PBXFileReference; lastKnownFileType = sourcecode.c.h; path = PhotoViewController.h; sourceTree = "<group>"; };
		8A05522D1FD37A6100621975 /* PhotoViewController.m */ = {isa = PBXFileReference; lastKnownFileType = sourcecode.c.objc; path = PhotoViewController.m; sourceTree = "<group>"; };
		8A05522F1FD3F86F00621975 /* UIImage+Cropping.h */ = {isa = PBXFileReference; lastKnownFileType = sourcecode.c.h; path = "UIImage+Cropping.h"; sourceTree = "<group>"; };
		8A0552301FD3F86F00621975 /* UIImage+Cropping.m */ = {isa = PBXFileReference; lastKnownFileType = sourcecode.c.objc; path = "UIImage+Cropping.m"; sourceTree = "<group>"; };
		8A3E8FD31FD49EBE0090E271 /* SearchViewController.h */ = {isa = PBXFileReference; lastKnownFileType = sourcecode.c.h; path = SearchViewController.h; sourceTree = "<group>"; };
		8A3E8FD41FD49EBE0090E271 /* SearchViewController.m */ = {isa = PBXFileReference; lastKnownFileType = sourcecode.c.objc; path = SearchViewController.m; sourceTree = "<group>"; };
		8A4CBD0F1FCE406600625050 /* FlickrAPI.m */ = {isa = PBXFileReference; lastKnownFileType = sourcecode.c.objc; path = FlickrAPI.m; sourceTree = "<group>"; };
		8A4CBD111FCE407700625050 /* FlickrAPI.h */ = {isa = PBXFileReference; lastKnownFileType = sourcecode.c.h; path = FlickrAPI.h; sourceTree = "<group>"; };
		8A4CBD151FCE6B2B00625050 /* TagTableViewCell.h */ = {isa = PBXFileReference; lastKnownFileType = sourcecode.c.h; name = TagTableViewCell.h; path = FlickrApp/Views/TagTableViewCell.h; sourceTree = SOURCE_ROOT; };
		8A4CBD161FCE6B2B00625050 /* TagTableViewCell.m */ = {isa = PBXFileReference; lastKnownFileType = sourcecode.c.objc; name = TagTableViewCell.m; path = FlickrApp/Views/TagTableViewCell.m; sourceTree = SOURCE_ROOT; };
		8A4CBD241FD0AA9A00625050 /* Tag.h */ = {isa = PBXFileReference; lastKnownFileType = sourcecode.c.h; path = Tag.h; sourceTree = "<group>"; };
		8A4CBD251FD0AA9A00625050 /* Tag.m */ = {isa = PBXFileReference; lastKnownFileType = sourcecode.c.objc; path = Tag.m; sourceTree = "<group>"; };
		8A4CBD271FD0D06800625050 /* Photo.h */ = {isa = PBXFileReference; lastKnownFileType = sourcecode.c.h; path = Photo.h; sourceTree = "<group>"; };
		8A4CBD281FD0D06800625050 /* Photo.m */ = {isa = PBXFileReference; lastKnownFileType = sourcecode.c.objc; path = Photo.m; sourceTree = "<group>"; };
		8A60A0D51FCE2DEC0043219D /* FlickrApp.app */ = {isa = PBXFileReference; explicitFileType = wrapper.application; includeInIndex = 0; path = FlickrApp.app; sourceTree = BUILT_PRODUCTS_DIR; };
		8A60A0D81FCE2DEC0043219D /* AppDelegate.h */ = {isa = PBXFileReference; lastKnownFileType = sourcecode.c.h; path = AppDelegate.h; sourceTree = "<group>"; };
		8A60A0D91FCE2DED0043219D /* AppDelegate.m */ = {isa = PBXFileReference; lastKnownFileType = sourcecode.c.objc; path = AppDelegate.m; sourceTree = "<group>"; };
		8A60A0DB1FCE2DED0043219D /* TopTagsViewController.h */ = {isa = PBXFileReference; lastKnownFileType = sourcecode.c.h; path = TopTagsViewController.h; sourceTree = "<group>"; };
		8A60A0DC1FCE2DED0043219D /* TopTagsViewController.m */ = {isa = PBXFileReference; lastKnownFileType = sourcecode.c.objc; path = TopTagsViewController.m; sourceTree = "<group>"; };
		8A60A0DF1FCE2DED0043219D /* Base */ = {isa = PBXFileReference; lastKnownFileType = file.storyboard; name = Base; path = Base.lproj/Main.storyboard; sourceTree = "<group>"; };
		8A60A0E11FCE2DED0043219D /* Assets.xcassets */ = {isa = PBXFileReference; lastKnownFileType = folder.assetcatalog; path = Assets.xcassets; sourceTree = "<group>"; };
		8A60A0E41FCE2DED0043219D /* Base */ = {isa = PBXFileReference; lastKnownFileType = file.storyboard; name = Base; path = Base.lproj/LaunchScreen.storyboard; sourceTree = "<group>"; };
		8A60A0E61FCE2DED0043219D /* Info.plist */ = {isa = PBXFileReference; lastKnownFileType = text.plist.xml; path = Info.plist; sourceTree = "<group>"; };
		8A60A0E71FCE2DED0043219D /* main.m */ = {isa = PBXFileReference; lastKnownFileType = sourcecode.c.objc; path = main.m; sourceTree = "<group>"; };
/* End PBXFileReference section */

/* Begin PBXFrameworksBuildPhase section */
		8A60A0D21FCE2DEC0043219D /* Frameworks */ = {
			isa = PBXFrameworksBuildPhase;
			buildActionMask = 2147483647;
			files = (
			);
			runOnlyForDeploymentPostprocessing = 0;
		};
/* End PBXFrameworksBuildPhase section */

/* Begin PBXGroup section */
		8A0552251FD11DC200621975 /* Views */ = {
			isa = PBXGroup;
			children = (
				8A4CBD151FCE6B2B00625050 /* TagTableViewCell.h */,
				8A4CBD161FCE6B2B00625050 /* TagTableViewCell.m */,
				8A0552291FD12DC000621975 /* PhotoCollectionViewCell.h */,
				8A05522A1FD12DC000621975 /* PhotoCollectionViewCell.m */,
			);
			path = Views;
			sourceTree = "<group>";
		};
		8A4CBD121FCE409C00625050 /* Controllers */ = {
			isa = PBXGroup;
			children = (
				8A60A0DB1FCE2DED0043219D /* TopTagsViewController.h */,
				8A60A0DC1FCE2DED0043219D /* TopTagsViewController.m */,
				8A0552261FD1269E00621975 /* PhotoPreviewViewController.h */,
				8A0552271FD1269E00621975 /* PhotoPreviewViewController.m */,
				8A3E8FD31FD49EBE0090E271 /* SearchViewController.h */,
				8A3E8FD41FD49EBE0090E271 /* SearchViewController.m */,
				8A05522C1FD37A6100621975 /* PhotoViewController.h */,
				8A05522D1FD37A6100621975 /* PhotoViewController.m */,
			);
			path = Controllers;
			sourceTree = "<group>";
		};
		8A4CBD131FCE41BF00625050 /* Network */ = {
			isa = PBXGroup;
			children = (
				8A4CBD111FCE407700625050 /* FlickrAPI.h */,
				8A4CBD0F1FCE406600625050 /* FlickrAPI.m */,
			);
			path = Network;
			sourceTree = "<group>";
		};
		8A4CBD141FCE42DF00625050 /* Resources */ = {
			isa = PBXGroup;
			children = (
				8A60A0E11FCE2DED0043219D /* Assets.xcassets */,
				8A60A0E31FCE2DED0043219D /* LaunchScreen.storyboard */,
				8A60A0DE1FCE2DED0043219D /* Main.storyboard */,
			);
			path = Resources;
			sourceTree = "<group>";
		};
		8A4CBD231FD0AA6300625050 /* Models */ = {
			isa = PBXGroup;
			children = (
				8A4CBD241FD0AA9A00625050 /* Tag.h */,
				8A4CBD251FD0AA9A00625050 /* Tag.m */,
				8A4CBD271FD0D06800625050 /* Photo.h */,
				8A4CBD281FD0D06800625050 /* Photo.m */,
			);
			path = Models;
			sourceTree = "<group>";
		};
		8A60A0CC1FCE2DEC0043219D = {
			isa = PBXGroup;
			children = (
				8A60A0D71FCE2DEC0043219D /* FlickrApp */,
				8A60A0D61FCE2DEC0043219D /* Products */,
			);
			sourceTree = "<group>";
		};
		8A60A0D61FCE2DEC0043219D /* Products */ = {
			isa = PBXGroup;
			children = (
				8A60A0D51FCE2DEC0043219D /* FlickrApp.app */,
			);
			name = Products;
			sourceTree = "<group>";
		};
		8A60A0D71FCE2DEC0043219D /* FlickrApp */ = {
			isa = PBXGroup;
			children = (
				8A60A0D81FCE2DEC0043219D /* AppDelegate.h */,
				8A60A0D91FCE2DED0043219D /* AppDelegate.m */,
				8A05522F1FD3F86F00621975 /* UIImage+Cropping.h */,
				8A0552301FD3F86F00621975 /* UIImage+Cropping.m */,
				8A0552251FD11DC200621975 /* Views */,
				8A4CBD231FD0AA6300625050 /* Models */,
				8A4CBD131FCE41BF00625050 /* Network */,
				8A4CBD121FCE409C00625050 /* Controllers */,
				8A60A0E61FCE2DED0043219D /* Info.plist */,
				8A60A0E71FCE2DED0043219D /* main.m */,
				8A4CBD141FCE42DF00625050 /* Resources */,
			);
			path = FlickrApp;
			sourceTree = "<group>";
		};
/* End PBXGroup section */

/* Begin PBXNativeTarget section */
		8A60A0D41FCE2DEC0043219D /* FlickrApp */ = {
			isa = PBXNativeTarget;
			buildConfigurationList = 8A60A0EB1FCE2DED0043219D /* Build configuration list for PBXNativeTarget "FlickrApp" */;
			buildPhases = (
				8A60A0D11FCE2DEC0043219D /* Sources */,
				8A60A0D21FCE2DEC0043219D /* Frameworks */,
				8A60A0D31FCE2DEC0043219D /* Resources */,
			);
			buildRules = (
			);
			dependencies = (
			);
			name = FlickrApp;
			productName = FlickrApp;
			productReference = 8A60A0D51FCE2DEC0043219D /* FlickrApp.app */;
			productType = "com.apple.product-type.application";
		};
/* End PBXNativeTarget section */

/* Begin PBXProject section */
		8A60A0CD1FCE2DEC0043219D /* Project object */ = {
			isa = PBXProject;
			attributes = {
				LastUpgradeCheck = 0910;
				ORGANIZATIONNAME = "Алексей";
				TargetAttributes = {
					8A60A0D41FCE2DEC0043219D = {
						CreatedOnToolsVersion = 9.1;
						ProvisioningStyle = Automatic;
					};
				};
			};
			buildConfigurationList = 8A60A0D01FCE2DEC0043219D /* Build configuration list for PBXProject "FlickrApp" */;
			compatibilityVersion = "Xcode 8.0";
			developmentRegion = en;
			hasScannedForEncodings = 0;
			knownRegions = (
				en,
				Base,
			);
			mainGroup = 8A60A0CC1FCE2DEC0043219D;
			productRefGroup = 8A60A0D61FCE2DEC0043219D /* Products */;
			projectDirPath = "";
			projectRoot = "";
			targets = (
				8A60A0D41FCE2DEC0043219D /* FlickrApp */,
			);
		};
/* End PBXProject section */

/* Begin PBXResourcesBuildPhase section */
		8A60A0D31FCE2DEC0043219D /* Resources */ = {
			isa = PBXResourcesBuildPhase;
			buildActionMask = 2147483647;
			files = (
				8A60A0E51FCE2DED0043219D /* LaunchScreen.storyboard in Resources */,
				8A60A0E21FCE2DED0043219D /* Assets.xcassets in Resources */,
				8A60A0E01FCE2DED0043219D /* Main.storyboard in Resources */,
			);
			runOnlyForDeploymentPostprocessing = 0;
		};
/* End PBXResourcesBuildPhase section */

/* Begin PBXSourcesBuildPhase section */
		8A60A0D11FCE2DEC0043219D /* Sources */ = {
			isa = PBXSourcesBuildPhase;
			buildActionMask = 2147483647;
			files = (
				8A0552311FD3F86F00621975 /* UIImage+Cropping.m in Sources */,
				8A4CBD291FD0D06800625050 /* Photo.m in Sources */,
				8A05522B1FD12DC000621975 /* PhotoCollectionViewCell.m in Sources */,
				8A4CBD261FD0AA9A00625050 /* Tag.m in Sources */,
				8A0552281FD1269E00621975 /* PhotoPreviewViewController.m in Sources */,
				8A60A0DD1FCE2DED0043219D /* TopTagsViewController.m in Sources */,
				8A60A0E81FCE2DED0043219D /* main.m in Sources */,
				8A60A0DA1FCE2DED0043219D /* AppDelegate.m in Sources */,
				8A4CBD181FCE6B2B00625050 /* TagTableViewCell.m in Sources */,
				8A4CBD101FCE406600625050 /* FlickrAPI.m in Sources */,
				8A3E8FD51FD49EBE0090E271 /* SearchViewController.m in Sources */,
				8A05522E1FD37A6200621975 /* PhotoViewController.m in Sources */,
			);
			runOnlyForDeploymentPostprocessing = 0;
		};
/* End PBXSourcesBuildPhase section */

/* Begin PBXVariantGroup section */
		8A60A0DE1FCE2DED0043219D /* Main.storyboard */ = {
			isa = PBXVariantGroup;
			children = (
				8A60A0DF1FCE2DED0043219D /* Base */,
			);
			name = Main.storyboard;
			sourceTree = "<group>";
		};
		8A60A0E31FCE2DED0043219D /* LaunchScreen.storyboard */ = {
			isa = PBXVariantGroup;
			children = (
				8A60A0E41FCE2DED0043219D /* Base */,
			);
			name = LaunchScreen.storyboard;
			sourceTree = "<group>";
		};
/* End PBXVariantGroup section */

/* Begin XCBuildConfiguration section */
		8A60A0E91FCE2DED0043219D /* Debug */ = {
			isa = XCBuildConfiguration;
			buildSettings = {
				ALWAYS_SEARCH_USER_PATHS = NO;
				CLANG_ANALYZER_NONNULL = YES;
				CLANG_ANALYZER_NUMBER_OBJECT_CONVERSION = YES_AGGRESSIVE;
				CLANG_CXX_LANGUAGE_STANDARD = "gnu++14";
				CLANG_CXX_LIBRARY = "libc++";
				CLANG_ENABLE_MODULES = YES;
				CLANG_ENABLE_OBJC_ARC = YES;
				CLANG_WARN_BLOCK_CAPTURE_AUTORELEASING = YES;
				CLANG_WARN_BOOL_CONVERSION = YES;
				CLANG_WARN_COMMA = YES;
				CLANG_WARN_CONSTANT_CONVERSION = YES;
				CLANG_WARN_DIRECT_OBJC_ISA_USAGE = YES_ERROR;
				CLANG_WARN_DOCUMENTATION_COMMENTS = YES;
				CLANG_WARN_EMPTY_BODY = YES;
				CLANG_WARN_ENUM_CONVERSION = YES;
				CLANG_WARN_INFINITE_RECURSION = YES;
				CLANG_WARN_INT_CONVERSION = YES;
				CLANG_WARN_NON_LITERAL_NULL_CONVERSION = YES;
				CLANG_WARN_OBJC_LITERAL_CONVERSION = YES;
				CLANG_WARN_OBJC_ROOT_CLASS = YES_ERROR;
				CLANG_WARN_RANGE_LOOP_ANALYSIS = YES;
				CLANG_WARN_STRICT_PROTOTYPES = YES;
				CLANG_WARN_SUSPICIOUS_MOVE = YES;
				CLANG_WARN_UNGUARDED_AVAILABILITY = YES_AGGRESSIVE;
				CLANG_WARN_UNREACHABLE_CODE = YES;
				CLANG_WARN__DUPLICATE_METHOD_MATCH = YES;
				CODE_SIGN_IDENTITY = "iPhone Developer";
				COPY_PHASE_STRIP = NO;
				DEBUG_INFORMATION_FORMAT = dwarf;
				ENABLE_STRICT_OBJC_MSGSEND = YES;
				ENABLE_TESTABILITY = YES;
				GCC_C_LANGUAGE_STANDARD = gnu11;
				GCC_DYNAMIC_NO_PIC = NO;
				GCC_NO_COMMON_BLOCKS = YES;
				GCC_OPTIMIZATION_LEVEL = 0;
				GCC_PREPROCESSOR_DEFINITIONS = (
					"DEBUG=1",
					"$(inherited)",
				);
				GCC_WARN_64_TO_32_BIT_CONVERSION = YES;
				GCC_WARN_ABOUT_RETURN_TYPE = YES_ERROR;
				GCC_WARN_UNDECLARED_SELECTOR = YES;
				GCC_WARN_UNINITIALIZED_AUTOS = YES_AGGRESSIVE;
				GCC_WARN_UNUSED_FUNCTION = YES;
				GCC_WARN_UNUSED_VARIABLE = YES;
				IPHONEOS_DEPLOYMENT_TARGET = 11.1;
				MTL_ENABLE_DEBUG_INFO = YES;
				ONLY_ACTIVE_ARCH = YES;
				SDKROOT = iphoneos;
			};
			name = Debug;
		};
		8A60A0EA1FCE2DED0043219D /* Release */ = {
			isa = XCBuildConfiguration;
			buildSettings = {
				ALWAYS_SEARCH_USER_PATHS = NO;
				CLANG_ANALYZER_NONNULL = YES;
				CLANG_ANALYZER_NUMBER_OBJECT_CONVERSION = YES_AGGRESSIVE;
				CLANG_CXX_LANGUAGE_STANDARD = "gnu++14";
				CLANG_CXX_LIBRARY = "libc++";
				CLANG_ENABLE_MODULES = YES;
				CLANG_ENABLE_OBJC_ARC = YES;
				CLANG_WARN_BLOCK_CAPTURE_AUTORELEASING = YES;
				CLANG_WARN_BOOL_CONVERSION = YES;
				CLANG_WARN_COMMA = YES;
				CLANG_WARN_CONSTANT_CONVERSION = YES;
				CLANG_WARN_DIRECT_OBJC_ISA_USAGE = YES_ERROR;
				CLANG_WARN_DOCUMENTATION_COMMENTS = YES;
				CLANG_WARN_EMPTY_BODY = YES;
				CLANG_WARN_ENUM_CONVERSION = YES;
				CLANG_WARN_INFINITE_RECURSION = YES;
				CLANG_WARN_INT_CONVERSION = YES;
				CLANG_WARN_NON_LITERAL_NULL_CONVERSION = YES;
				CLANG_WARN_OBJC_LITERAL_CONVERSION = YES;
				CLANG_WARN_OBJC_ROOT_CLASS = YES_ERROR;
				CLANG_WARN_RANGE_LOOP_ANALYSIS = YES;
				CLANG_WARN_STRICT_PROTOTYPES = YES;
				CLANG_WARN_SUSPICIOUS_MOVE = YES;
				CLANG_WARN_UNGUARDED_AVAILABILITY = YES_AGGRESSIVE;
				CLANG_WARN_UNREACHABLE_CODE = YES;
				CLANG_WARN__DUPLICATE_METHOD_MATCH = YES;
				CODE_SIGN_IDENTITY = "iPhone Developer";
				COPY_PHASE_STRIP = NO;
				DEBUG_INFORMATION_FORMAT = "dwarf-with-dsym";
				ENABLE_NS_ASSERTIONS = NO;
				ENABLE_STRICT_OBJC_MSGSEND = YES;
				GCC_C_LANGUAGE_STANDARD = gnu11;
				GCC_NO_COMMON_BLOCKS = YES;
				GCC_WARN_64_TO_32_BIT_CONVERSION = YES;
				GCC_WARN_ABOUT_RETURN_TYPE = YES_ERROR;
				GCC_WARN_UNDECLARED_SELECTOR = YES;
				GCC_WARN_UNINITIALIZED_AUTOS = YES_AGGRESSIVE;
				GCC_WARN_UNUSED_FUNCTION = YES;
				GCC_WARN_UNUSED_VARIABLE = YES;
				IPHONEOS_DEPLOYMENT_TARGET = 11.1;
				MTL_ENABLE_DEBUG_INFO = NO;
				SDKROOT = iphoneos;
				VALIDATE_PRODUCT = YES;
			};
			name = Release;
		};
		8A60A0EC1FCE2DED0043219D /* Debug */ = {
			isa = XCBuildConfiguration;
			buildSettings = {
				ASSETCATALOG_COMPILER_APPICON_NAME = AppIcon;
				CODE_SIGN_STYLE = Automatic;
				DEVELOPMENT_TEAM = G45RKPJ3J9;
				INFOPLIST_FILE = FlickrApp/Info.plist;
				LD_RUNPATH_SEARCH_PATHS = "$(inherited) @executable_path/Frameworks";
				PRODUCT_BUNDLE_IDENTIFIER = Alexeys.FlickrApp;
				PRODUCT_NAME = "$(TARGET_NAME)";
				TARGETED_DEVICE_FAMILY = "1,2";
			};
			name = Debug;
		};
		8A60A0ED1FCE2DED0043219D /* Release */ = {
			isa = XCBuildConfiguration;
			buildSettings = {
				ASSETCATALOG_COMPILER_APPICON_NAME = AppIcon;
				CODE_SIGN_STYLE = Automatic;
				DEVELOPMENT_TEAM = G45RKPJ3J9;
				INFOPLIST_FILE = FlickrApp/Info.plist;
				LD_RUNPATH_SEARCH_PATHS = "$(inherited) @executable_path/Frameworks";
				PRODUCT_BUNDLE_IDENTIFIER = Alexeys.FlickrApp;
				PRODUCT_NAME = "$(TARGET_NAME)";
				TARGETED_DEVICE_FAMILY = "1,2";
			};
			name = Release;
		};
/* End XCBuildConfiguration section */

/* Begin XCConfigurationList section */
		8A60A0D01FCE2DEC0043219D /* Build configuration list for PBXProject "FlickrApp" */ = {
			isa = XCConfigurationList;
			buildConfigurations = (
				8A60A0E91FCE2DED0043219D /* Debug */,
				8A60A0EA1FCE2DED0043219D /* Release */,
			);
			defaultConfigurationIsVisible = 0;
			defaultConfigurationName = Release;
		};
		8A60A0EB1FCE2DED0043219D /* Build configuration list for PBXNativeTarget "FlickrApp" */ = {
			isa = XCConfigurationList;
			buildConfigurations = (
				8A60A0EC1FCE2DED0043219D /* Debug */,
				8A60A0ED1FCE2DED0043219D /* Release */,
			);
			defaultConfigurationIsVisible = 0;
			defaultConfigurationName = Release;
		};
/* End XCConfigurationList section */
	};
	rootObject = 8A60A0CD1FCE2DEC0043219D /* Project object */;
}
